// !$*UTF8*$!
{
	archiveVersion = 1;
	classes = {
	};
	objectVersion = 55;
	objects = {

/* Begin PBXBuildFile section */
		A25FC5A1FA783CAC4063C114 /* Pods_testAnonymousChatRoom.framework in Frameworks */ = {isa = PBXBuildFile; fileRef = 9600350DCC09CF831CF8EF81 /* Pods_testAnonymousChatRoom.framework */; };
		E3223265285CF379009C90CD /* CommentTableViewCell.swift in Sources */ = {isa = PBXBuildFile; fileRef = E3223264285CF379009C90CD /* CommentTableViewCell.swift */; };
		E3A73FC3285C881A003DC697 /* AppDelegate.swift in Sources */ = {isa = PBXBuildFile; fileRef = E3A73FC2285C881A003DC697 /* AppDelegate.swift */; };
		E3A73FC5285C881A003DC697 /* SceneDelegate.swift in Sources */ = {isa = PBXBuildFile; fileRef = E3A73FC4285C881A003DC697 /* SceneDelegate.swift */; };
		E3A73FC7285C881A003DC697 /* ViewController.swift in Sources */ = {isa = PBXBuildFile; fileRef = E3A73FC6285C881A003DC697 /* ViewController.swift */; };
		E3A73FCA285C881A003DC697 /* Main.storyboard in Resources */ = {isa = PBXBuildFile; fileRef = E3A73FC8285C881A003DC697 /* Main.storyboard */; };
		E3A73FCC285C881A003DC697 /* Assets.xcassets in Resources */ = {isa = PBXBuildFile; fileRef = E3A73FCB285C881A003DC697 /* Assets.xcassets */; };
		E3A73FCF285C881A003DC697 /* LaunchScreen.storyboard in Resources */ = {isa = PBXBuildFile; fileRef = E3A73FCD285C881A003DC697 /* LaunchScreen.storyboard */; };
		E3A73FD7285C8873003DC697 /* GoogleService-Info.plist in Resources */ = {isa = PBXBuildFile; fileRef = E3A73FD6285C8873003DC697 /* GoogleService-Info.plist */; };
		E3A73FD9285CA846003DC697 /* Tools.swift in Sources */ = {isa = PBXBuildFile; fileRef = E3A73FD8285CA846003DC697 /* Tools.swift */; };
		E3A73FDD285CB133003DC697 /* Page2ViewController.swift in Sources */ = {isa = PBXBuildFile; fileRef = E3A73FDC285CB133003DC697 /* Page2ViewController.swift */; };
		E3A73FDF285CCB39003DC697 /* Page3ViewController.swift in Sources */ = {isa = PBXBuildFile; fileRef = E3A73FDE285CCB39003DC697 /* Page3ViewController.swift */; };
/* End PBXBuildFile section */

/* Begin PBXFileReference section */
		63031205FB6074B05B85263A /* Pods-testAnonymousChatRoom.debug.xcconfig */ = {isa = PBXFileReference; includeInIndex = 1; lastKnownFileType = text.xcconfig; name = "Pods-testAnonymousChatRoom.debug.xcconfig"; path = "Target Support Files/Pods-testAnonymousChatRoom/Pods-testAnonymousChatRoom.debug.xcconfig"; sourceTree = "<group>"; };
		9600350DCC09CF831CF8EF81 /* Pods_testAnonymousChatRoom.framework */ = {isa = PBXFileReference; explicitFileType = wrapper.framework; includeInIndex = 0; path = Pods_testAnonymousChatRoom.framework; sourceTree = BUILT_PRODUCTS_DIR; };
		E3223264285CF379009C90CD /* CommentTableViewCell.swift */ = {isa = PBXFileReference; lastKnownFileType = sourcecode.swift; path = CommentTableViewCell.swift; sourceTree = "<group>"; };
		E3A73FBF285C881A003DC697 /* testAnonymousChatRoom.app */ = {isa = PBXFileReference; explicitFileType = wrapper.application; includeInIndex = 0; path = testAnonymousChatRoom.app; sourceTree = BUILT_PRODUCTS_DIR; };
		E3A73FC2285C881A003DC697 /* AppDelegate.swift */ = {isa = PBXFileReference; lastKnownFileType = sourcecode.swift; path = AppDelegate.swift; sourceTree = "<group>"; };
		E3A73FC4285C881A003DC697 /* SceneDelegate.swift */ = {isa = PBXFileReference; lastKnownFileType = sourcecode.swift; path = SceneDelegate.swift; sourceTree = "<group>"; };
		E3A73FC6285C881A003DC697 /* ViewController.swift */ = {isa = PBXFileReference; lastKnownFileType = sourcecode.swift; path = ViewController.swift; sourceTree = "<group>"; };
		E3A73FC9285C881A003DC697 /* Base */ = {isa = PBXFileReference; lastKnownFileType = file.storyboard; name = Base; path = Base.lproj/Main.storyboard; sourceTree = "<group>"; };
		E3A73FCB285C881A003DC697 /* Assets.xcassets */ = {isa = PBXFileReference; lastKnownFileType = folder.assetcatalog; path = Assets.xcassets; sourceTree = "<group>"; };
		E3A73FCE285C881A003DC697 /* Base */ = {isa = PBXFileReference; lastKnownFileType = file.storyboard; name = Base; path = Base.lproj/LaunchScreen.storyboard; sourceTree = "<group>"; };
		E3A73FD0285C881A003DC697 /* Info.plist */ = {isa = PBXFileReference; lastKnownFileType = text.plist.xml; path = Info.plist; sourceTree = "<group>"; };
		E3A73FD6285C8873003DC697 /* GoogleService-Info.plist */ = {isa = PBXFileReference; fileEncoding = 4; lastKnownFileType = text.plist.xml; path = "GoogleService-Info.plist"; sourceTree = "<group>"; };
		E3A73FD8285CA846003DC697 /* Tools.swift */ = {isa = PBXFileReference; lastKnownFileType = sourcecode.swift; path = Tools.swift; sourceTree = "<group>"; };
		E3A73FDC285CB133003DC697 /* Page2ViewController.swift */ = {isa = PBXFileReference; lastKnownFileType = sourcecode.swift; path = Page2ViewController.swift; sourceTree = "<group>"; };
		E3A73FDE285CCB39003DC697 /* Page3ViewController.swift */ = {isa = PBXFileReference; lastKnownFileType = sourcecode.swift; path = Page3ViewController.swift; sourceTree = "<group>"; };
		EA35FFD54DB9866D12D6FFF6 /* Pods-testAnonymousChatRoom.release.xcconfig */ = {isa = PBXFileReference; includeInIndex = 1; lastKnownFileType = text.xcconfig; name = "Pods-testAnonymousChatRoom.release.xcconfig"; path = "Target Support Files/Pods-testAnonymousChatRoom/Pods-testAnonymousChatRoom.release.xcconfig"; sourceTree = "<group>"; };
/* End PBXFileReference section */

/* Begin PBXFrameworksBuildPhase section */
		E3A73FBC285C881A003DC697 /* Frameworks */ = {
			isa = PBXFrameworksBuildPhase;
			buildActionMask = 2147483647;
			files = (
				A25FC5A1FA783CAC4063C114 /* Pods_testAnonymousChatRoom.framework in Frameworks */,
			);
			runOnlyForDeploymentPostprocessing = 0;
		};
/* End PBXFrameworksBuildPhase section */

/* Begin PBXGroup section */
		368C5218AFB7629ED7226023 /* Pods */ = {
			isa = PBXGroup;
			children = (
				63031205FB6074B05B85263A /* Pods-testAnonymousChatRoom.debug.xcconfig */,
				EA35FFD54DB9866D12D6FFF6 /* Pods-testAnonymousChatRoom.release.xcconfig */,
			);
			path = Pods;
			sourceTree = "<group>";
		};
		E3A73FB6285C881A003DC697 = {
			isa = PBXGroup;
			children = (
				E3A73FD8285CA846003DC697 /* Tools.swift */,
				E3A73FC1285C881A003DC697 /* testAnonymousChatRoom */,
				E3A73FC0285C881A003DC697 /* Products */,
				368C5218AFB7629ED7226023 /* Pods */,
				F4792CE044614779CDB9E917 /* Frameworks */,
			);
			sourceTree = "<group>";
		};
		E3A73FC0285C881A003DC697 /* Products */ = {
			isa = PBXGroup;
			children = (
				E3A73FBF285C881A003DC697 /* testAnonymousChatRoom.app */,
			);
			name = Products;
			sourceTree = "<group>";
		};
		E3A73FC1285C881A003DC697 /* testAnonymousChatRoom */ = {
			isa = PBXGroup;
			children = (
				E3A73FC2285C881A003DC697 /* AppDelegate.swift */,
				E3A73FC4285C881A003DC697 /* SceneDelegate.swift */,
				E3A73FC6285C881A003DC697 /* ViewController.swift */,
				E3A73FDC285CB133003DC697 /* Page2ViewController.swift */,
				E3A73FDE285CCB39003DC697 /* Page3ViewController.swift */,
				E3223264285CF379009C90CD /* CommentTableViewCell.swift */,
				E3A73FC8285C881A003DC697 /* Main.storyboard */,
				E3A73FCB285C881A003DC697 /* Assets.xcassets */,
				E3A73FCD285C881A003DC697 /* LaunchScreen.storyboard */,
				E3A73FD0285C881A003DC697 /* Info.plist */,
				E3A73FD6285C8873003DC697 /* GoogleService-Info.plist */,
			);
			path = testAnonymousChatRoom;
			sourceTree = "<group>";
		};
		F4792CE044614779CDB9E917 /* Frameworks */ = {
			isa = PBXGroup;
			children = (
				9600350DCC09CF831CF8EF81 /* Pods_testAnonymousChatRoom.framework */,
			);
			name = Frameworks;
			sourceTree = "<group>";
		};
/* End PBXGroup section */

/* Begin PBXNativeTarget section */
		E3A73FBE285C881A003DC697 /* testAnonymousChatRoom */ = {
			isa = PBXNativeTarget;
			buildConfigurationList = E3A73FD3285C881A003DC697 /* Build configuration list for PBXNativeTarget "testAnonymousChatRoom" */;
			buildPhases = (
				E09218381D4F208AA7AB7204 /* [CP] Check Pods Manifest.lock */,
				E3A73FBB285C881A003DC697 /* Sources */,
				E3A73FBC285C881A003DC697 /* Frameworks */,
				E3A73FBD285C881A003DC697 /* Resources */,
				52E94BC17E46514EEAD46341 /* [CP] Embed Pods Frameworks */,
			);
			buildRules = (
			);
			dependencies = (
			);
			name = testAnonymousChatRoom;
			productName = testAnonymousChatRoom;
			productReference = E3A73FBF285C881A003DC697 /* testAnonymousChatRoom.app */;
			productType = "com.apple.product-type.application";
		};
/* End PBXNativeTarget section */

/* Begin PBXProject section */
		E3A73FB7285C881A003DC697 /* Project object */ = {
			isa = PBXProject;
			attributes = {
				BuildIndependentTargetsInParallel = 1;
				LastSwiftUpdateCheck = 1330;
				LastUpgradeCheck = 1330;
				TargetAttributes = {
					E3A73FBE285C881A003DC697 = {
						CreatedOnToolsVersion = 13.3.1;
					};
				};
			};
			buildConfigurationList = E3A73FBA285C881A003DC697 /* Build configuration list for PBXProject "testAnonymousChatRoom" */;
			compatibilityVersion = "Xcode 13.0";
			developmentRegion = en;
			hasScannedForEncodings = 0;
			knownRegions = (
				en,
				Base,
			);
			mainGroup = E3A73FB6285C881A003DC697;
			productRefGroup = E3A73FC0285C881A003DC697 /* Products */;
			projectDirPath = "";
			projectRoot = "";
			targets = (
				E3A73FBE285C881A003DC697 /* testAnonymousChatRoom */,
			);
		};
/* End PBXProject section */

/* Begin PBXResourcesBuildPhase section */
		E3A73FBD285C881A003DC697 /* Resources */ = {
			isa = PBXResourcesBuildPhase;
			buildActionMask = 2147483647;
			files = (
				E3A73FCF285C881A003DC697 /* LaunchScreen.storyboard in Resources */,
				E3A73FD7285C8873003DC697 /* GoogleService-Info.plist in Resources */,
				E3A73FCC285C881A003DC697 /* Assets.xcassets in Resources */,
				E3A73FCA285C881A003DC697 /* Main.storyboard in Resources */,
			);
			runOnlyForDeploymentPostprocessing = 0;
		};
/* End PBXResourcesBuildPhase section */

/* Begin PBXShellScriptBuildPhase section */
		52E94BC17E46514EEAD46341 /* [CP] Embed Pods Frameworks */ = {
			isa = PBXShellScriptBuildPhase;
			buildActionMask = 2147483647;
			files = (
			);
			inputFileListPaths = (
				"${PODS_ROOT}/Target Support Files/Pods-testAnonymousChatRoom/Pods-testAnonymousChatRoom-frameworks-${CONFIGURATION}-input-files.xcfilelist",
			);
			name = "[CP] Embed Pods Frameworks";
			outputFileListPaths = (
				"${PODS_ROOT}/Target Support Files/Pods-testAnonymousChatRoom/Pods-testAnonymousChatRoom-frameworks-${CONFIGURATION}-output-files.xcfilelist",
			);
			runOnlyForDeploymentPostprocessing = 0;
			shellPath = /bin/sh;
			shellScript = "\"${PODS_ROOT}/Target Support Files/Pods-testAnonymousChatRoom/Pods-testAnonymousChatRoom-frameworks.sh\"\n";
			showEnvVarsInLog = 0;
		};
		E09218381D4F208AA7AB7204 /* [CP] Check Pods Manifest.lock */ = {
			isa = PBXShellScriptBuildPhase;
			buildActionMask = 2147483647;
			files = (
			);
			inputFileListPaths = (
			);
			inputPaths = (
				"${PODS_PODFILE_DIR_PATH}/Podfile.lock",
				"${PODS_ROOT}/Manifest.lock",
			);
			name = "[CP] Check Pods Manifest.lock";
			outputFileListPaths = (
			);
			outputPaths = (
				"$(DERIVED_FILE_DIR)/Pods-testAnonymousChatRoom-checkManifestLockResult.txt",
			);
			runOnlyForDeploymentPostprocessing = 0;
			shellPath = /bin/sh;
			shellScript = "diff \"${PODS_PODFILE_DIR_PATH}/Podfile.lock\" \"${PODS_ROOT}/Manifest.lock\" > /dev/null\nif [ $? != 0 ] ; then\n    # print error to STDERR\n    echo \"error: The sandbox is not in sync with the Podfile.lock. Run 'pod install' or update your CocoaPods installation.\" >&2\n    exit 1\nfi\n# This output is used by Xcode 'outputs' to avoid re-running this script phase.\necho \"SUCCESS\" > \"${SCRIPT_OUTPUT_FILE_0}\"\n";
			showEnvVarsInLog = 0;
		};
/* End PBXShellScriptBuildPhase section */

/* Begin PBXSourcesBuildPhase section */
		E3A73FBB285C881A003DC697 /* Sources */ = {
			isa = PBXSourcesBuildPhase;
			buildActionMask = 2147483647;
			files = (
				E3A73FDD285CB133003DC697 /* Page2ViewController.swift in Sources */,
				E3A73FDF285CCB39003DC697 /* Page3ViewController.swift in Sources */,
				E3A73FC7285C881A003DC697 /* ViewController.swift in Sources */,
				E3A73FC3285C881A003DC697 /* AppDelegate.swift in Sources */,
				E3223265285CF379009C90CD /* CommentTableViewCell.swift in Sources */,
				E3A73FC5285C881A003DC697 /* SceneDelegate.swift in Sources */,
				E3A73FD9285CA846003DC697 /* Tools.swift in Sources */,
			);
			runOnlyForDeploymentPostprocessing = 0;
		};
/* End PBXSourcesBuildPhase section */

/* Begin PBXVariantGroup section */
		E3A73FC8285C881A003DC697 /* Main.storyboard */ = {
			isa = PBXVariantGroup;
			children = (
				E3A73FC9285C881A003DC697 /* Base */,
			);
			name = Main.storyboard;
			sourceTree = "<group>";
		};
		E3A73FCD285C881A003DC697 /* LaunchScreen.storyboard */ = {
			isa = PBXVariantGroup;
			children = (
				E3A73FCE285C881A003DC697 /* Base */,
			);
			name = LaunchScreen.storyboard;
			sourceTree = "<group>";
		};
/* End PBXVariantGroup section */

/* Begin XCBuildConfiguration section */
		E3A73FD1285C881A003DC697 /* Debug */ = {
			isa = XCBuildConfiguration;
			buildSettings = {
				ALWAYS_SEARCH_USER_PATHS = NO;
				CLANG_ANALYZER_NONNULL = YES;
				CLANG_ANALYZER_NUMBER_OBJECT_CONVERSION = YES_AGGRESSIVE;
				CLANG_CXX_LANGUAGE_STANDARD = "gnu++17";
				CLANG_ENABLE_MODULES = YES;
				CLANG_ENABLE_OBJC_ARC = YES;
				CLANG_ENABLE_OBJC_WEAK = YES;
				CLANG_WARN_BLOCK_CAPTURE_AUTORELEASING = YES;
				CLANG_WARN_BOOL_CONVERSION = YES;
				CLANG_WARN_COMMA = YES;
				CLANG_WARN_CONSTANT_CONVERSION = YES;
				CLANG_WARN_DEPRECATED_OBJC_IMPLEMENTATIONS = YES;
				CLANG_WARN_DIRECT_OBJC_ISA_USAGE = YES_ERROR;
				CLANG_WARN_DOCUMENTATION_COMMENTS = YES;
				CLANG_WARN_EMPTY_BODY = YES;
				CLANG_WARN_ENUM_CONVERSION = YES;
				CLANG_WARN_INFINITE_RECURSION = YES;
				CLANG_WARN_INT_CONVERSION = YES;
				CLANG_WARN_NON_LITERAL_NULL_CONVERSION = YES;
				CLANG_WARN_OBJC_IMPLICIT_RETAIN_SELF = YES;
				CLANG_WARN_OBJC_LITERAL_CONVERSION = YES;
				CLANG_WARN_OBJC_ROOT_CLASS = YES_ERROR;
				CLANG_WARN_QUOTED_INCLUDE_IN_FRAMEWORK_HEADER = YES;
				CLANG_WARN_RANGE_LOOP_ANALYSIS = YES;
				CLANG_WARN_STRICT_PROTOTYPES = YES;
				CLANG_WARN_SUSPICIOUS_MOVE = YES;
				CLANG_WARN_UNGUARDED_AVAILABILITY = YES_AGGRESSIVE;
				CLANG_WARN_UNREACHABLE_CODE = YES;
				CLANG_WARN__DUPLICATE_METHOD_MATCH = YES;
				COPY_PHASE_STRIP = NO;
				DEBUG_INFORMATION_FORMAT = dwarf;
				ENABLE_STRICT_OBJC_MSGSEND = YES;
				ENABLE_TESTABILITY = YES;
				GCC_C_LANGUAGE_STANDARD = gnu11;
				GCC_DYNAMIC_NO_PIC = NO;
				GCC_NO_COMMON_BLOCKS = YES;
				GCC_OPTIMIZATION_LEVEL = 0;
				GCC_PREPROCESSOR_DEFINITIONS = (
					"DEBUG=1",
					"$(inherited)",
				);
				GCC_WARN_64_TO_32_BIT_CONVERSION = YES;
				GCC_WARN_ABOUT_RETURN_TYPE = YES_ERROR;
				GCC_WARN_UNDECLARED_SELECTOR = YES;
				GCC_WARN_UNINITIALIZED_AUTOS = YES_AGGRESSIVE;
				GCC_WARN_UNUSED_FUNCTION = YES;
				GCC_WARN_UNUSED_VARIABLE = YES;
				IPHONEOS_DEPLOYMENT_TARGET = 15.4;
				MTL_ENABLE_DEBUG_INFO = INCLUDE_SOURCE;
				MTL_FAST_MATH = YES;
				ONLY_ACTIVE_ARCH = YES;
				SDKROOT = iphoneos;
				SWIFT_ACTIVE_COMPILATION_CONDITIONS = DEBUG;
				SWIFT_OPTIMIZATION_LEVEL = "-Onone";
			};
			name = Debug;
		};
		E3A73FD2285C881A003DC697 /* Release */ = {
			isa = XCBuildConfiguration;
			buildSettings = {
				ALWAYS_SEARCH_USER_PATHS = NO;
				CLANG_ANALYZER_NONNULL = YES;
				CLANG_ANALYZER_NUMBER_OBJECT_CONVERSION = YES_AGGRESSIVE;
				CLANG_CXX_LANGUAGE_STANDARD = "gnu++17";
				CLANG_ENABLE_MODULES = YES;
				CLANG_ENABLE_OBJC_ARC = YES;
				CLANG_ENABLE_OBJC_WEAK = YES;
				CLANG_WARN_BLOCK_CAPTURE_AUTORELEASING = YES;
				CLANG_WARN_BOOL_CONVERSION = YES;
				CLANG_WARN_COMMA = YES;
				CLANG_WARN_CONSTANT_CONVERSION = YES;
				CLANG_WARN_DEPRECATED_OBJC_IMPLEMENTATIONS = YES;
				CLANG_WARN_DIRECT_OBJC_ISA_USAGE = YES_ERROR;
				CLANG_WARN_DOCUMENTATION_COMMENTS = YES;
				CLANG_WARN_EMPTY_BODY = YES;
				CLANG_WARN_ENUM_CONVERSION = YES;
				CLANG_WARN_INFINITE_RECURSION = YES;
				CLANG_WARN_INT_CONVERSION = YES;
				CLANG_WARN_NON_LITERAL_NULL_CONVERSION = YES;
				CLANG_WARN_OBJC_IMPLICIT_RETAIN_SELF = YES;
				CLANG_WARN_OBJC_LITERAL_CONVERSION = YES;
				CLANG_WARN_OBJC_ROOT_CLASS = YES_ERROR;
				CLANG_WARN_QUOTED_INCLUDE_IN_FRAMEWORK_HEADER = YES;
				CLANG_WARN_RANGE_LOOP_ANALYSIS = YES;
				CLANG_WARN_STRICT_PROTOTYPES = YES;
				CLANG_WARN_SUSPICIOUS_MOVE = YES;
				CLANG_WARN_UNGUARDED_AVAILABILITY = YES_AGGRESSIVE;
				CLANG_WARN_UNREACHABLE_CODE = YES;
				CLANG_WARN__DUPLICATE_METHOD_MATCH = YES;
				COPY_PHASE_STRIP = NO;
				DEBUG_INFORMATION_FORMAT = "dwarf-with-dsym";
				ENABLE_NS_ASSERTIONS = NO;
				ENABLE_STRICT_OBJC_MSGSEND = YES;
				GCC_C_LANGUAGE_STANDARD = gnu11;
				GCC_NO_COMMON_BLOCKS = YES;
				GCC_WARN_64_TO_32_BIT_CONVERSION = YES;
				GCC_WARN_ABOUT_RETURN_TYPE = YES_ERROR;
				GCC_WARN_UNDECLARED_SELECTOR = YES;
				GCC_WARN_UNINITIALIZED_AUTOS = YES_AGGRESSIVE;
				GCC_WARN_UNUSED_FUNCTION = YES;
				GCC_WARN_UNUSED_VARIABLE = YES;
				IPHONEOS_DEPLOYMENT_TARGET = 15.4;
				MTL_ENABLE_DEBUG_INFO = NO;
				MTL_FAST_MATH = YES;
				SDKROOT = iphoneos;
				SWIFT_COMPILATION_MODE = wholemodule;
				SWIFT_OPTIMIZATION_LEVEL = "-O";
				VALIDATE_PRODUCT = YES;
			};
			name = Release;
		};
		E3A73FD4285C881A003DC697 /* Debug */ = {
			isa = XCBuildConfiguration;
			baseConfigurationReference = 63031205FB6074B05B85263A /* Pods-testAnonymousChatRoom.debug.xcconfig */;
			buildSettings = {
				ASSETCATALOG_COMPILER_APPICON_NAME = AppIcon;
				ASSETCATALOG_COMPILER_GLOBAL_ACCENT_COLOR_NAME = AccentColor;
				CODE_SIGN_STYLE = Automatic;
				CURRENT_PROJECT_VERSION = 1;
				DEVELOPMENT_TEAM = 8V7SZ2P38T;
				GENERATE_INFOPLIST_FILE = YES;
				INFOPLIST_FILE = testAnonymousChatRoom/Info.plist;
				INFOPLIST_KEY_UIApplicationSupportsIndirectInputEvents = YES;
				INFOPLIST_KEY_UILaunchStoryboardName = LaunchScreen;
				INFOPLIST_KEY_UIMainStoryboardFile = Main;
				INFOPLIST_KEY_UISupportedInterfaceOrientations_iPad = "UIInterfaceOrientationPortrait UIInterfaceOrientationPortraitUpsideDown UIInterfaceOrientationLandscapeLeft UIInterfaceOrientationLandscapeRight";
				INFOPLIST_KEY_UISupportedInterfaceOrientations_iPhone = "UIInterfaceOrientationPortrait UIInterfaceOrientationLandscapeLeft UIInterfaceOrientationLandscapeRight";
				LD_RUNPATH_SEARCH_PATHS = (
					"$(inherited)",
					"@executable_path/Frameworks",
				);
				MARKETING_VERSION = 1.0;
				PRODUCT_BUNDLE_IDENTIFIER = jkh.testAnonymousChatRoom;
				PRODUCT_NAME = "$(TARGET_NAME)";
				SWIFT_EMIT_LOC_STRINGS = YES;
				SWIFT_VERSION = 5.0;
				TARGETED_DEVICE_FAMILY = "1,2";
			};
			name = Debug;
		};
		E3A73FD5285C881A003DC697 /* Release */ = {
			isa = XCBuildConfiguration;
			baseConfigurationReference = EA35FFD54DB9866D12D6FFF6 /* Pods-testAnonymousChatRoom.release.xcconfig */;
			buildSettings = {
				ASSETCATALOG_COMPILER_APPICON_NAME = AppIcon;
				ASSETCATALOG_COMPILER_GLOBAL_ACCENT_COLOR_NAME = AccentColor;
				CODE_SIGN_STYLE = Automatic;
				CURRENT_PROJECT_VERSION = 1;
				DEVELOPMENT_TEAM = 8V7SZ2P38T;
				GENERATE_INFOPLIST_FILE = YES;
				INFOPLIST_FILE = testAnonymousChatRoom/Info.plist;
				INFOPLIST_KEY_UIApplicationSupportsIndirectInputEvents = YES;
				INFOPLIST_KEY_UILaunchStoryboardName = LaunchScreen;
				INFOPLIST_KEY_UIMainStoryboardFile = Main;
				INFOPLIST_KEY_UISupportedInterfaceOrientations_iPad = "UIInterfaceOrientationPortrait UIInterfaceOrientationPortraitUpsideDown UIInterfaceOrientationLandscapeLeft UIInterfaceOrientationLandscapeRight";
				INFOPLIST_KEY_UISupportedInterfaceOrientations_iPhone = "UIInterfaceOrientationPortrait UIInterfaceOrientationLandscapeLeft UIInterfaceOrientationLandscapeRight";
				LD_RUNPATH_SEARCH_PATHS = (
					"$(inherited)",
					"@executable_path/Frameworks",
				);
				MARKETING_VERSION = 1.0;
				PRODUCT_BUNDLE_IDENTIFIER = jkh.testAnonymousChatRoom;
				PRODUCT_NAME = "$(TARGET_NAME)";
				SWIFT_EMIT_LOC_STRINGS = YES;
				SWIFT_VERSION = 5.0;
				TARGETED_DEVICE_FAMILY = "1,2";
			};
			name = Release;
		};
/* End XCBuildConfiguration section */

/* Begin XCConfigurationList section */
		E3A73FBA285C881A003DC697 /* Build configuration list for PBXProject "testAnonymousChatRoom" */ = {
			isa = XCConfigurationList;
			buildConfigurations = (
				E3A73FD1285C881A003DC697 /* Debug */,
				E3A73FD2285C881A003DC697 /* Release */,
			);
			defaultConfigurationIsVisible = 0;
			defaultConfigurationName = Release;
		};
		E3A73FD3285C881A003DC697 /* Build configuration list for PBXNativeTarget "testAnonymousChatRoom" */ = {
			isa = XCConfigurationList;
			buildConfigurations = (
				E3A73FD4285C881A003DC697 /* Debug */,
				E3A73FD5285C881A003DC697 /* Release */,
			);
			defaultConfigurationIsVisible = 0;
			defaultConfigurationName = Release;
		};
/* End XCConfigurationList section */
	};
	rootObject = E3A73FB7285C881A003DC697 /* Project object */;
}
